
Microsoft Visual Studio Solution File, Format Version 12.00
# Visual Studio Version 16
VisualStudioVersion = 16.0.31729.503
MinimumVisualStudioVersion = 10.0.40219.1
Project("{9A19103F-16F7-4668-BE54-9A1E7A4F7556}") = "MyBlog", "MyBlog\MyBlog.csproj", "{04BBEA57-788B-4E40-9B50-535598760A6E}"
EndProject
Global
	GlobalSection(SolutionConfigurationPlatforms) = preSolution
		Debug|Any CPU = Debug|Any CPU
		Release|Any CPU = Release|Any CPU
	EndGlobalSection
	GlobalSection(ProjectConfigurationPlatforms) = postSolution
		{04BBEA57-788B-4E40-9B50-535598760A6E}.Debug|Any CPU.ActiveCfg = Debug|Any CPU
		{04BBEA57-788B-4E40-9B50-535598760A6E}.Debug|Any CPU.Build.0 = Debug|Any CPU
		{04BBEA57-788B-4E40-9B50-535598760A6E}.Release|Any CPU.ActiveCfg = Release|Any CPU
		{04BBEA57-788B-4E40-9B50-535598760A6E}.Release|Any CPU.Build.0 = Release|Any CPU
	EndGlobalSection
	GlobalSection(SolutionProperties) = preSolution
		HideSolutionNode = FALSE
	EndGlobalSection
	GlobalSection(ExtensibilityGlobals) = postSolution
		SolutionGuid = {CCA9DE80-DA8C-4899-82EE-DDF12B62DA97}
	EndGlobalSection
EndGlobal
